// !$*UTF8*$!
{
	archiveVersion = 1;
	classes = {
	};
	objectVersion = 46;
	objects = {

/* Begin PBXBuildFile section */
		0207DA581B56EA530066E2B4 /* Images.xcassets in Resources */ = {isa = PBXBuildFile; fileRef = 0207DA571B56EA530066E2B4 /* Images.xcassets */; };
		07D6FB70D3A74C3B97C15CC2 /* CDVStatusBar.m in Sources */ = {isa = PBXBuildFile; fileRef = 228F31EE36664182879A67AE /* CDVStatusBar.m */; };
		08AAC77065D644F7B0443683 /* libProtocolBuffers.a in Frameworks */ = {isa = PBXBuildFile; fileRef = C58728B1192A47AF9DD76883 /* libProtocolBuffers.a */; };
		091C1399F43545D98048E24E /* libz.dylib in Frameworks */ = {isa = PBXBuildFile; fileRef = 59A00B4BFBE646B39E1A7A2C /* libz.dylib */; };
		1433272B21554774B122F40A /* libGTMStackTrace.a in Frameworks */ = {isa = PBXBuildFile; fileRef = 5DBB341DA7014CD4963361D5 /* libGTMStackTrace.a */; };
		1D3623260D0F684500981E51 /* AppDelegate.m in Sources */ = {isa = PBXBuildFile; fileRef = 1D3623250D0F684500981E51 /* AppDelegate.m */; };
		1D60589B0D05DD56006BFB54 /* main.m in Sources */ = {isa = PBXBuildFile; fileRef = 29B97316FDCFA39411CA2CEA /* main.m */; };
		20FD8187F64D45AB8D6FAB40 /* libGTM_core.a in Frameworks */ = {isa = PBXBuildFile; fileRef = ECAC82B7693F41ACA0703A94 /* libGTM_core.a */; };
		22A8F59EF0BC44E8BE1A5118 /* AudioToolbox.framework in Frameworks */ = {isa = PBXBuildFile; fileRef = 9F3A154D76694BDBB8760FD7 /* AudioToolbox.framework */; settings = {ATTRIBUTES = (Weak, ); }; };
		248B3771D2A24559832BAB3C /* libGTM_RoundedRectPath.a in Frameworks */ = {isa = PBXBuildFile; fileRef = 32055BC6660D49EA9A9CA4CA /* libGTM_RoundedRectPath.a */; };
		24BDFEAC2EA440EE8C069731 /* CDVLogger.m in Sources */ = {isa = PBXBuildFile; fileRef = D96F4F7EE1DB43DABCA78737 /* CDVLogger.m */; };
		27AD239D360E44F2826B8DB3 /* CDVGlobalization.m in Sources */ = {isa = PBXBuildFile; fileRef = 1C53BFD4A5534A36A1FF4DCB /* CDVGlobalization.m */; };
		2E89920C12474AF6A7F07FF6 /* libGTM_KVO.a in Frameworks */ = {isa = PBXBuildFile; fileRef = 9818277CDE6846D7B057E750 /* libGTM_KVO.a */; };
		301BF552109A68D80062928A /* libCordova.a in Frameworks */ = {isa = PBXBuildFile; fileRef = 301BF535109A57CC0062928A /* libCordova.a */; };
		302D95F114D2391D003F00A1 /* MainViewController.m in Sources */ = {isa = PBXBuildFile; fileRef = 302D95EF14D2391D003F00A1 /* MainViewController.m */; };
		302D95F214D2391D003F00A1 /* MainViewController.xib in Resources */ = {isa = PBXBuildFile; fileRef = 302D95F014D2391D003F00A1 /* MainViewController.xib */; };
		3320BD9A5CC74BCD956291CF /* libGSDK_Overload.a in Frameworks */ = {isa = PBXBuildFile; fileRef = FB2B30529A124BA4A082D8B6 /* libGSDK_Overload.a */; };
		340B7FBA8ADB4E0B991427EE /* IonicKeyboard.m in Sources */ = {isa = PBXBuildFile; fileRef = 2C98BDFBB1EE42619B4C52C7 /* IonicKeyboard.m */; };
		370BC2F0489D4BD5A52925D5 /* SystemConfiguration.framework in Frameworks */ = {isa = PBXBuildFile; fileRef = 1926B7F25AC54433B15B7BD7 /* SystemConfiguration.framework */; };
		38BCB8632A274546B8D8C813 /* libGGLCloudMessaging.a in Frameworks */ = {isa = PBXBuildFile; fileRef = B7A5248062554472A76A86B0 /* libGGLCloudMessaging.a */; };
		39AD67DB91454A78844A4D6C /* libGTM_AddressBook.a in Frameworks */ = {isa = PBXBuildFile; fileRef = CC10DA58F7384DAB9ABD71E1 /* libGTM_AddressBook.a */; };
		3F6E87A275A74816B2B4D62D /* libGIP_Reachability.a in Frameworks */ = {isa = PBXBuildFile; fileRef = 467669FBB1764B8FB94EF16A /* libGIP_Reachability.a */; };
		479C5B9F36CB4E6BB8173F00 /* libsqlite3.tbd in Frameworks */ = {isa = PBXBuildFile; fileRef = 502851D7A43B4599BB491F47 /* libsqlite3.tbd */; };
		4AD33A4D6D014771B9E16198 /* libGTM_NSStringXML.a in Frameworks */ = {isa = PBXBuildFile; fileRef = 63A32634A1E94EC9AC9B7E73 /* libGTM_NSStringXML.a */; };
		5B7098F6C55B4AFABBB0C50B /* CDVVibration.m in Sources */ = {isa = PBXBuildFile; fileRef = 11688549F5914C258FD458CC /* CDVVibration.m */; };
		5D6A0FC1E1C54DF18CCAF963 /* libGGLCore.a in Frameworks */ = {isa = PBXBuildFile; fileRef = 79B6E70C38C040DC894C3868 /* libGGLCore.a */; };
		5E8FEB24943F4E3CB903D9BA /* libGTM_StringEncoding.a in Frameworks */ = {isa = PBXBuildFile; fileRef = B02451803D284AC1A854D04E /* libGTM_StringEncoding.a */; };
		6040410D9A7F4EDDA5BB02B1 /* libGTM_NSScannerJSON.a in Frameworks */ = {isa = PBXBuildFile; fileRef = 30F65DA88F764C2A8034CF68 /* libGTM_NSScannerJSON.a */; };
		62AEDC1ED6464DCAAF9A0394 /* CDVSpinnerDialog.m in Sources */ = {isa = PBXBuildFile; fileRef = ABAF3D0EE67F434491514769 /* CDVSpinnerDialog.m */; };
		63BC7B91E3854EB9B0CACC04 /* CDVNotification.bundle in Resources */ = {isa = PBXBuildFile; fileRef = 48EB1DD86D5D4C5CA2849BFF /* CDVNotification.bundle */; };
		666B92E783FE4773AB54FEBA /* QuartzCore.framework in Frameworks */ = {isa = PBXBuildFile; fileRef = 7DC4F41E8C404341B19F6DC3 /* QuartzCore.framework */; };
		7108AAB09452480EA6F2A6AD /* CoreData.framework in Frameworks */ = {isa = PBXBuildFile; fileRef = 256568FADE164D03AB3F4C18 /* CoreData.framework */; };
		71869893B5BE442F95341EE4 /* libGTM_iPhone.a in Frameworks */ = {isa = PBXBuildFile; fileRef = F4FDE365927144A0B12C60FE /* libGTM_iPhone.a */; };
		73D6D04229174098881018B7 /* Toast.m in Sources */ = {isa = PBXBuildFile; fileRef = 82064C6E1C2945E5A71ABFF2 /* Toast.m */; };
		7549FD2EA90E4E57A7D21332 /* libGTM_Regex.a in Frameworks */ = {isa = PBXBuildFile; fileRef = 1F2BE688EA4A41FEBEE1964A /* libGTM_Regex.a */; };
		77E574E0A5414F9B95AC168B /* libGcmLib.a in Frameworks */ = {isa = PBXBuildFile; fileRef = 0018C26509834296AB0A012F /* libGcmLib.a */; };
		7D103F7D96DC444C810DCEF5 /* AddressBook.framework in Frameworks */ = {isa = PBXBuildFile; fileRef = B6AAF8A8FB2448F8A65E84EE /* AddressBook.framework */; };
		83AB03259045484788B585D4 /* CDVDevice.m in Sources */ = {isa = PBXBuildFile; fileRef = 4269A63B3F574D4EB58BD651 /* CDVDevice.m */; };
		8A7D36EAF18A46D0BF624EC6 /* Toast+UIView.m in Sources */ = {isa = PBXBuildFile; fileRef = 52E0DD95C85D4E928994A808 /* Toast+UIView.m */; };
		9BA7FA2C0CF246BF84A5D570 /* libGTM_NSData+zlib.a in Frameworks */ = {isa = PBXBuildFile; fileRef = 618827A202714E6F92070930 /* libGTM_NSData+zlib.a */; };
		B57A4121F7F641219BAECC43 /* libGTMSessionFetcher_core.a in Frameworks */ = {isa = PBXBuildFile; fileRef = 711FC17F0FF24756AE7E06DE /* libGTMSessionFetcher_core.a */; };
		C1BF88905CCC4E368055129B /* libGTMSessionFetcher_full.a in Frameworks */ = {isa = PBXBuildFile; fileRef = EB30EEF4795A41FA9EE0D086 /* libGTMSessionFetcher_full.a */; };
		C406283726F74494B54EEBF0 /* CDVInAppBrowser.m in Sources */ = {isa = PBXBuildFile; fileRef = 28722342C9B84B73BE9AA83F /* CDVInAppBrowser.m */; };
		C731ADAC1AC240DB9A68B820 /* libGTM_UIFont+LineHeight.a in Frameworks */ = {isa = PBXBuildFile; fileRef = 80BE3F3241B74CFAA66AEB4D /* libGTM_UIFont+LineHeight.a */; };
		CC94691B109945419250E0E0 /* PushPlugin.m in Sources */ = {isa = PBXBuildFile; fileRef = 4161F7F240F94B71B4963019 /* PushPlugin.m */; };
		CD7FE6907A9D432199FD3936 /* AppDelegate+notification.m in Sources */ = {isa = PBXBuildFile; fileRef = E8901F402C8D4C34AA4B1880 /* AppDelegate+notification.m */; };
		D203F417109C49CF8FF0AAF9 /* libGoogleAnalyticsServices.a in Frameworks */ = {isa = PBXBuildFile; fileRef = CA2FE7C6D55C4C7BBD37E630 /* libGoogleAnalyticsServices.a */; };
		D3F6DDCA704244E6804F32FE /* libsqlite3.dylib in Frameworks */ = {isa = PBXBuildFile; fileRef = A690E5F42BEC4365833BD420 /* libsqlite3.dylib */; };
		D6113F0005BE417F88557A2F /* libGTM_NSDictionary+URLArguments.a in Frameworks */ = {isa = PBXBuildFile; fileRef = 111E34DB02CF431389438ADF /* libGTM_NSDictionary+URLArguments.a */; };
		DBD98E825CE748839C448D83 /* CDVNotification.m in Sources */ = {isa = PBXBuildFile; fileRef = F02E621A428F450F9ADE6E3F /* CDVNotification.m */; };
		DC7808360E514DA5AC7CBA84 /* libGTM_DebugUtils.a in Frameworks */ = {isa = PBXBuildFile; fileRef = 6A0C5E6E8E3846E3BC0D88B2 /* libGTM_DebugUtils.a */; };
		DCCEBC6D46254265B8E3D343 /* libGGLInstanceIDLib.a in Frameworks */ = {isa = PBXBuildFile; fileRef = 7BEDD77CABF346179A6CC4D1 /* libGGLInstanceIDLib.a */; };
		DDD78D3744D5477BA9C247A5 /* YoikScreenOrientation.m in Sources */ = {isa = PBXBuildFile; fileRef = DAE4735602F444DB842378B6 /* YoikScreenOrientation.m */; };
		DEE5550A32214352B285759C /* CDVViewController+SplashScreen.m in Sources */ = {isa = PBXBuildFile; fileRef = 52C26909168C4104AA61C8D1 /* CDVViewController+SplashScreen.m */; };
		E32C538B19BF43DDB35EB496 /* CDVSplashScreen.m in Sources */ = {isa = PBXBuildFile; fileRef = C38F420D9377476CB25734CC /* CDVSplashScreen.m */; };
		E3ED7D81A19B469BBB994B5F /* libGTM_SystemVersion.a in Frameworks */ = {isa = PBXBuildFile; fileRef = D516D8E680584F128BC0D0B2 /* libGTM_SystemVersion.a */; };
		ED05AFEBAF574373B14174C2 /* libz.tbd in Frameworks */ = {isa = PBXBuildFile; fileRef = 831D55921A8447E5B26522AC /* libz.tbd */; };
		F338998468A049A3A3C4AE79 /* libGTM_GTMURLBuilder.a in Frameworks */ = {isa = PBXBuildFile; fileRef = 7D7BCECD1AFA4AF59B58FDC5 /* libGTM_GTMURLBuilder.a */; };
		FBE2853418054ED085DF8138 /* GoogleAnalyticsPlugin.m in Sources */ = {isa = PBXBuildFile; fileRef = E755FF4C92F845DBB3EE258A /* GoogleAnalyticsPlugin.m */; };
		FD54431E786C4F128402114B /* libGTM_NSStringHTML.a in Frameworks */ = {isa = PBXBuildFile; fileRef = 621E990371534BE0A06C3C5B /* libGTM_NSStringHTML.a */; };
/* End PBXBuildFile section */

/* Begin PBXContainerItemProxy section */
		301BF534109A57CC0062928A /* PBXContainerItemProxy */ = {
			isa = PBXContainerItemProxy;
			containerPortal = 301BF52D109A57CC0062928A /* CordovaLib.xcodeproj */;
			proxyType = 2;
			remoteGlobalIDString = D2AAC07E0554694100DB518D;
			remoteInfo = CordovaLib;
		};
		301BF550109A68C00062928A /* PBXContainerItemProxy */ = {
			isa = PBXContainerItemProxy;
			containerPortal = 301BF52D109A57CC0062928A /* CordovaLib.xcodeproj */;
			proxyType = 1;
			remoteGlobalIDString = D2AAC07D0554694100DB518D;
			remoteInfo = CordovaLib;
		};
/* End PBXContainerItemProxy section */

/* Begin PBXFileReference section */
		0018C26509834296AB0A012F /* libGcmLib.a */ = {isa = PBXFileReference; explicitFileType = undefined; fileEncoding = 9; includeInIndex = 0; lastKnownFileType = archive.ar; name = libGcmLib.a; path = "MobileLoop/Plugins/phonegap-plugin-push/GCM/Libraries/libGcmLib.a"; sourceTree = "<group>"; };
		003D53058A154808AF93D208 /* CDVStatusBar.h */ = {isa = PBXFileReference; explicitFileType = undefined; fileEncoding = 4; includeInIndex = 0; lastKnownFileType = sourcecode.c.h; name = CDVStatusBar.h; path = "cordova-plugin-statusbar/CDVStatusBar.h"; sourceTree = "<group>"; };
		0207DA571B56EA530066E2B4 /* Images.xcassets */ = {isa = PBXFileReference; lastKnownFileType = folder.assetcatalog; name = Images.xcassets; path = MobileLoop/Images.xcassets; sourceTree = SOURCE_ROOT; };
		0B463650F57E436E931334C4 /* GGLContext+CloudMessaging.h */ = {isa = PBXFileReference; explicitFileType = undefined; fileEncoding = 4; includeInIndex = 0; lastKnownFileType = sourcecode.c.h; name = "GGLContext+CloudMessaging.h"; path = "phonegap-plugin-push/GCM/Headers/GGLContext+CloudMessaging.h"; sourceTree = "<group>"; };
		111E34DB02CF431389438ADF /* libGTM_NSDictionary+URLArguments.a */ = {isa = PBXFileReference; explicitFileType = undefined; fileEncoding = 9; includeInIndex = 0; lastKnownFileType = archive.ar; name = "libGTM_NSDictionary+URLArguments.a"; path = "MobileLoop/Plugins/phonegap-plugin-push/GCM/Libraries/libGTM_NSDictionary+URLArguments.a"; sourceTree = "<group>"; };
		11688549F5914C258FD458CC /* CDVVibration.m */ = {isa = PBXFileReference; explicitFileType = undefined; fileEncoding = 4; includeInIndex = 0; lastKnownFileType = sourcecode.c.objc; name = CDVVibration.m; path = "cordova-plugin-vibration/CDVVibration.m"; sourceTree = "<group>"; };
		15B7AD904AEF418B9889A930 /* GGLConfiguration.h */ = {isa = PBXFileReference; explicitFileType = undefined; fileEncoding = 4; includeInIndex = 0; lastKnownFileType = sourcecode.c.h; name = GGLConfiguration.h; path = "phonegap-plugin-push/GCM/Headers/GGLConfiguration.h"; sourceTree = "<group>"; };
		17F004AEF2C74D68B89B4226 /* AppDelegate+notification.h */ = {isa = PBXFileReference; explicitFileType = undefined; fileEncoding = 4; includeInIndex = 0; lastKnownFileType = sourcecode.c.h; name = "AppDelegate+notification.h"; path = "phonegap-plugin-push/AppDelegate+notification.h"; sourceTree = "<group>"; };
		1926B7F25AC54433B15B7BD7 /* SystemConfiguration.framework */ = {isa = PBXFileReference; explicitFileType = undefined; fileEncoding = 9; includeInIndex = 0; lastKnownFileType = wrapper.framework; name = SystemConfiguration.framework; path = System/Library/Frameworks/SystemConfiguration.framework; sourceTree = SDKROOT; };
		1C53BFD4A5534A36A1FF4DCB /* CDVGlobalization.m */ = {isa = PBXFileReference; explicitFileType = undefined; fileEncoding = 4; includeInIndex = 0; lastKnownFileType = sourcecode.c.objc; name = CDVGlobalization.m; path = "cordova-plugin-globalization/CDVGlobalization.m"; sourceTree = "<group>"; };
		1D3623240D0F684500981E51 /* AppDelegate.h */ = {isa = PBXFileReference; fileEncoding = 4; lastKnownFileType = sourcecode.c.h; path = AppDelegate.h; sourceTree = "<group>"; };
		1D3623250D0F684500981E51 /* AppDelegate.m */ = {isa = PBXFileReference; fileEncoding = 4; lastKnownFileType = sourcecode.c.objc; path = AppDelegate.m; sourceTree = "<group>"; };
		1D6058910D05DD3D006BFB54 /* MobileLoop.app */ = {isa = PBXFileReference; explicitFileType = wrapper.application; includeInIndex = 0; path = MobileLoop.app; sourceTree = BUILT_PRODUCTS_DIR; };
		1F2BE688EA4A41FEBEE1964A /* libGTM_Regex.a */ = {isa = PBXFileReference; explicitFileType = undefined; fileEncoding = 9; includeInIndex = 0; lastKnownFileType = archive.ar; name = libGTM_Regex.a; path = "MobileLoop/Plugins/phonegap-plugin-push/GCM/Libraries/libGTM_Regex.a"; sourceTree = "<group>"; };
		228F31EE36664182879A67AE /* CDVStatusBar.m */ = {isa = PBXFileReference; explicitFileType = undefined; fileEncoding = 4; includeInIndex = 0; lastKnownFileType = sourcecode.c.objc; name = CDVStatusBar.m; path = "cordova-plugin-statusbar/CDVStatusBar.m"; sourceTree = "<group>"; };
		22A2F1D20E8C41369EA91AA6 /* CDVLogger.h */ = {isa = PBXFileReference; explicitFileType = undefined; fileEncoding = 4; includeInIndex = 0; lastKnownFileType = sourcecode.c.h; name = CDVLogger.h; path = "cordova-plugin-console/CDVLogger.h"; sourceTree = "<group>"; };
		256568FADE164D03AB3F4C18 /* CoreData.framework */ = {isa = PBXFileReference; explicitFileType = undefined; fileEncoding = 9; includeInIndex = 0; lastKnownFileType = wrapper.framework; name = CoreData.framework; path = System/Library/Frameworks/CoreData.framework; sourceTree = SDKROOT; };
		28722342C9B84B73BE9AA83F /* CDVInAppBrowser.m */ = {isa = PBXFileReference; explicitFileType = undefined; fileEncoding = 4; includeInIndex = 0; lastKnownFileType = sourcecode.c.objc; name = CDVInAppBrowser.m; path = "cordova-plugin-inappbrowser/CDVInAppBrowser.m"; sourceTree = "<group>"; };
		29B97316FDCFA39411CA2CEA /* main.m */ = {isa = PBXFileReference; fileEncoding = 4; lastKnownFileType = sourcecode.c.objc; path = main.m; sourceTree = "<group>"; };
		2AD264789035422B94C5ABEE /* CDVNotification.h */ = {isa = PBXFileReference; explicitFileType = undefined; fileEncoding = 4; includeInIndex = 0; lastKnownFileType = sourcecode.c.h; name = CDVNotification.h; path = "cordova-plugin-dialogs/CDVNotification.h"; sourceTree = "<group>"; };
		2C98BDFBB1EE42619B4C52C7 /* IonicKeyboard.m */ = {isa = PBXFileReference; explicitFileType = undefined; fileEncoding = 4; includeInIndex = 0; lastKnownFileType = sourcecode.c.objc; name = IonicKeyboard.m; path = "ionic-plugin-keyboard/IonicKeyboard.m"; sourceTree = "<group>"; };
		301BF52D109A57CC0062928A /* CordovaLib.xcodeproj */ = {isa = PBXFileReference; lastKnownFileType = "wrapper.pb-project"; name = CordovaLib.xcodeproj; path = CordovaLib/CordovaLib.xcodeproj; sourceTree = "<group>"; };
		301BF56E109A69640062928A /* www */ = {isa = PBXFileReference; lastKnownFileType = folder; path = www; sourceTree = SOURCE_ROOT; };
		302D95EE14D2391D003F00A1 /* MainViewController.h */ = {isa = PBXFileReference; fileEncoding = 4; lastKnownFileType = sourcecode.c.h; path = MainViewController.h; sourceTree = "<group>"; };
		302D95EF14D2391D003F00A1 /* MainViewController.m */ = {isa = PBXFileReference; fileEncoding = 4; lastKnownFileType = sourcecode.c.objc; path = MainViewController.m; sourceTree = "<group>"; };
		302D95F014D2391D003F00A1 /* MainViewController.xib */ = {isa = PBXFileReference; fileEncoding = 4; lastKnownFileType = file.xib; path = MainViewController.xib; sourceTree = "<group>"; };
		3047A50F1AB8059700498E2A /* build-debug.xcconfig */ = {isa = PBXFileReference; fileEncoding = 4; lastKnownFileType = text.xcconfig; name = "build-debug.xcconfig"; path = "cordova/build-debug.xcconfig"; sourceTree = SOURCE_ROOT; };
		3047A5101AB8059700498E2A /* build-release.xcconfig */ = {isa = PBXFileReference; fileEncoding = 4; lastKnownFileType = text.xcconfig; name = "build-release.xcconfig"; path = "cordova/build-release.xcconfig"; sourceTree = SOURCE_ROOT; };
		3047A5111AB8059700498E2A /* build.xcconfig */ = {isa = PBXFileReference; fileEncoding = 4; lastKnownFileType = text.xcconfig; name = build.xcconfig; path = cordova/build.xcconfig; sourceTree = SOURCE_ROOT; };
		30F65DA88F764C2A8034CF68 /* libGTM_NSScannerJSON.a */ = {isa = PBXFileReference; explicitFileType = undefined; fileEncoding = 9; includeInIndex = 0; lastKnownFileType = archive.ar; name = libGTM_NSScannerJSON.a; path = "MobileLoop/Plugins/phonegap-plugin-push/GCM/Libraries/libGTM_NSScannerJSON.a"; sourceTree = "<group>"; };
		32055BC6660D49EA9A9CA4CA /* libGTM_RoundedRectPath.a */ = {isa = PBXFileReference; explicitFileType = undefined; fileEncoding = 9; includeInIndex = 0; lastKnownFileType = archive.ar; name = libGTM_RoundedRectPath.a; path = "MobileLoop/Plugins/phonegap-plugin-push/GCM/Libraries/libGTM_RoundedRectPath.a"; sourceTree = "<group>"; };
		328BEE46E6F4404F93225928 /* Toast+UIView.h */ = {isa = PBXFileReference; explicitFileType = undefined; fileEncoding = 4; includeInIndex = 0; lastKnownFileType = sourcecode.c.h; name = "Toast+UIView.h"; path = "cordova-plugin-x-toast/Toast+UIView.h"; sourceTree = "<group>"; };
		32CA4F630368D1EE00C91783 /* MobileLoop-Prefix.pch */ = {isa = PBXFileReference; fileEncoding = 4; lastKnownFileType = sourcecode.c.h; path = "MobileLoop-Prefix.pch"; sourceTree = "<group>"; };
		3DDCC73A9937452A8EAD3E3A /* CDVSplashScreen.h */ = {isa = PBXFileReference; explicitFileType = undefined; fileEncoding = 4; includeInIndex = 0; lastKnownFileType = sourcecode.c.h; name = CDVSplashScreen.h; path = "cordova-plugin-splashscreen/CDVSplashScreen.h"; sourceTree = "<group>"; };
		3EBE692F8BB14DE9A1F7B14C /* GAI.h */ = {isa = PBXFileReference; explicitFileType = undefined; fileEncoding = 4; includeInIndex = 0; lastKnownFileType = sourcecode.c.h; name = GAI.h; path = com.cmackay.plugins.googleanalytics/GAI.h; sourceTree = "<group>"; };
		3FDBA7A876EA4B20A64F0C2C /* PushPlugin.h */ = {isa = PBXFileReference; explicitFileType = undefined; fileEncoding = 4; includeInIndex = 0; lastKnownFileType = sourcecode.c.h; name = PushPlugin.h; path = "phonegap-plugin-push/PushPlugin.h"; sourceTree = "<group>"; };
		4161F7F240F94B71B4963019 /* PushPlugin.m */ = {isa = PBXFileReference; explicitFileType = undefined; fileEncoding = 4; includeInIndex = 0; lastKnownFileType = sourcecode.c.objc; name = PushPlugin.m; path = "phonegap-plugin-push/PushPlugin.m"; sourceTree = "<group>"; };
		4269A63B3F574D4EB58BD651 /* CDVDevice.m */ = {isa = PBXFileReference; explicitFileType = undefined; fileEncoding = 4; includeInIndex = 0; lastKnownFileType = sourcecode.c.objc; name = CDVDevice.m; path = "cordova-plugin-device/CDVDevice.m"; sourceTree = "<group>"; };
		467669FBB1764B8FB94EF16A /* libGIP_Reachability.a */ = {isa = PBXFileReference; explicitFileType = undefined; fileEncoding = 9; includeInIndex = 0; lastKnownFileType = archive.ar; name = libGIP_Reachability.a; path = "MobileLoop/Plugins/phonegap-plugin-push/GCM/Libraries/libGIP_Reachability.a"; sourceTree = "<group>"; };
		48EB1DD86D5D4C5CA2849BFF /* CDVNotification.bundle */ = {isa = PBXFileReference; explicitFileType = undefined; fileEncoding = 9; includeInIndex = 0; lastKnownFileType = "wrapper.plug-in"; path = CDVNotification.bundle; sourceTree = "<group>"; };
		493258DBD9C347A3965B7FE7 /* Toast.h */ = {isa = PBXFileReference; explicitFileType = undefined; fileEncoding = 4; includeInIndex = 0; lastKnownFileType = sourcecode.c.h; name = Toast.h; path = "cordova-plugin-x-toast/Toast.h"; sourceTree = "<group>"; };
		4B828F1037154CB293DF5A7A /* GAILogger.h */ = {isa = PBXFileReference; explicitFileType = undefined; fileEncoding = 4; includeInIndex = 0; lastKnownFileType = sourcecode.c.h; name = GAILogger.h; path = com.cmackay.plugins.googleanalytics/GAILogger.h; sourceTree = "<group>"; };
		4DEEFD3C685442FBA87B6264 /* GAITrackedViewController.h */ = {isa = PBXFileReference; explicitFileType = undefined; fileEncoding = 4; includeInIndex = 0; lastKnownFileType = sourcecode.c.h; name = GAITrackedViewController.h; path = com.cmackay.plugins.googleanalytics/GAITrackedViewController.h; sourceTree = "<group>"; };
		502851D7A43B4599BB491F47 /* libsqlite3.tbd */ = {isa = PBXFileReference; explicitFileType = undefined; fileEncoding = 9; includeInIndex = 0; lastKnownFileType = unknown; path = libsqlite3.tbd; sourceTree = "<group>"; };
		52C26909168C4104AA61C8D1 /* CDVViewController+SplashScreen.m */ = {isa = PBXFileReference; explicitFileType = undefined; fileEncoding = 4; includeInIndex = 0; lastKnownFileType = sourcecode.c.objc; name = "CDVViewController+SplashScreen.m"; path = "cordova-plugin-splashscreen/CDVViewController+SplashScreen.m"; sourceTree = "<group>"; };
		52E0DD95C85D4E928994A808 /* Toast+UIView.m */ = {isa = PBXFileReference; explicitFileType = undefined; fileEncoding = 4; includeInIndex = 0; lastKnownFileType = sourcecode.c.objc; name = "Toast+UIView.m"; path = "cordova-plugin-x-toast/Toast+UIView.m"; sourceTree = "<group>"; };
		535173C7AD53449EB7F05E27 /* GAITracker.h */ = {isa = PBXFileReference; explicitFileType = undefined; fileEncoding = 4; includeInIndex = 0; lastKnownFileType = sourcecode.c.h; name = GAITracker.h; path = com.cmackay.plugins.googleanalytics/GAITracker.h; sourceTree = "<group>"; };
		53D55A87F7EE4B379803EBB0 /* GCMService.h */ = {isa = PBXFileReference; explicitFileType = undefined; fileEncoding = 4; includeInIndex = 0; lastKnownFileType = sourcecode.c.h; name = GCMService.h; path = "phonegap-plugin-push/GCM/Headers/GCMService.h"; sourceTree = "<group>"; };
		551AF3A7A1E744C18E75CF89 /* GAIEcommercePromotion.h */ = {isa = PBXFileReference; explicitFileType = undefined; fileEncoding = 4; includeInIndex = 0; lastKnownFileType = sourcecode.c.h; name = GAIEcommercePromotion.h; path = com.cmackay.plugins.googleanalytics/GAIEcommercePromotion.h; sourceTree = "<group>"; };
		5597428ECF8841B0A4CFD542 /* Core.h */ = {isa = PBXFileReference; explicitFileType = undefined; fileEncoding = 4; includeInIndex = 0; lastKnownFileType = sourcecode.c.h; name = Core.h; path = "phonegap-plugin-push/GCM/Headers/Core.h"; sourceTree = "<group>"; };
		581E13AE6C394AE99BD6D402 /* CDVVibration.h */ = {isa = PBXFileReference; explicitFileType = undefined; fileEncoding = 4; includeInIndex = 0; lastKnownFileType = sourcecode.c.h; name = CDVVibration.h; path = "cordova-plugin-vibration/CDVVibration.h"; sourceTree = "<group>"; };
		59A00B4BFBE646B39E1A7A2C /* libz.dylib */ = {isa = PBXFileReference; explicitFileType = undefined; fileEncoding = 9; includeInIndex = 0; lastKnownFileType = "compiled.mach-o.dylib"; name = libz.dylib; path = usr/lib/libz.dylib; sourceTree = SDKROOT; };
		5DBB341DA7014CD4963361D5 /* libGTMStackTrace.a */ = {isa = PBXFileReference; explicitFileType = undefined; fileEncoding = 9; includeInIndex = 0; lastKnownFileType = archive.ar; name = libGTMStackTrace.a; path = "MobileLoop/Plugins/phonegap-plugin-push/GCM/Libraries/libGTMStackTrace.a"; sourceTree = "<group>"; };
		618827A202714E6F92070930 /* libGTM_NSData+zlib.a */ = {isa = PBXFileReference; explicitFileType = undefined; fileEncoding = 9; includeInIndex = 0; lastKnownFileType = archive.ar; name = "libGTM_NSData+zlib.a"; path = "MobileLoop/Plugins/phonegap-plugin-push/GCM/Libraries/libGTM_NSData+zlib.a"; sourceTree = "<group>"; };
		621E990371534BE0A06C3C5B /* libGTM_NSStringHTML.a */ = {isa = PBXFileReference; explicitFileType = undefined; fileEncoding = 9; includeInIndex = 0; lastKnownFileType = archive.ar; name = libGTM_NSStringHTML.a; path = "MobileLoop/Plugins/phonegap-plugin-push/GCM/Libraries/libGTM_NSStringHTML.a"; sourceTree = "<group>"; };
		63A32634A1E94EC9AC9B7E73 /* libGTM_NSStringXML.a */ = {isa = PBXFileReference; explicitFileType = undefined; fileEncoding = 9; includeInIndex = 0; lastKnownFileType = archive.ar; name = libGTM_NSStringXML.a; path = "MobileLoop/Plugins/phonegap-plugin-push/GCM/Libraries/libGTM_NSStringXML.a"; sourceTree = "<group>"; };
		69A1A2190BA24CA9BE827A37 /* IonicKeyboard.h */ = {isa = PBXFileReference; explicitFileType = undefined; fileEncoding = 4; includeInIndex = 0; lastKnownFileType = sourcecode.c.h; name = IonicKeyboard.h; path = "ionic-plugin-keyboard/IonicKeyboard.h"; sourceTree = "<group>"; };
		6A0C5E6E8E3846E3BC0D88B2 /* libGTM_DebugUtils.a */ = {isa = PBXFileReference; explicitFileType = undefined; fileEncoding = 9; includeInIndex = 0; lastKnownFileType = archive.ar; name = libGTM_DebugUtils.a; path = "MobileLoop/Plugins/phonegap-plugin-push/GCM/Libraries/libGTM_DebugUtils.a"; sourceTree = "<group>"; };
		711FC17F0FF24756AE7E06DE /* libGTMSessionFetcher_core.a */ = {isa = PBXFileReference; explicitFileType = undefined; fileEncoding = 9; includeInIndex = 0; lastKnownFileType = archive.ar; name = libGTMSessionFetcher_core.a; path = "MobileLoop/Plugins/phonegap-plugin-push/GCM/Libraries/libGTMSessionFetcher_core.a"; sourceTree = "<group>"; };
		7896E2EAF1104C4887161BA3 /* GAIEcommerceProduct.h */ = {isa = PBXFileReference; explicitFileType = undefined; fileEncoding = 4; includeInIndex = 0; lastKnownFileType = sourcecode.c.h; name = GAIEcommerceProduct.h; path = com.cmackay.plugins.googleanalytics/GAIEcommerceProduct.h; sourceTree = "<group>"; };
		795B7F71B2314B4B98D4B571 /* CDVDevice.h */ = {isa = PBXFileReference; explicitFileType = undefined; fileEncoding = 4; includeInIndex = 0; lastKnownFileType = sourcecode.c.h; name = CDVDevice.h; path = "cordova-plugin-device/CDVDevice.h"; sourceTree = "<group>"; };
		79B6E70C38C040DC894C3868 /* libGGLCore.a */ = {isa = PBXFileReference; explicitFileType = undefined; fileEncoding = 9; includeInIndex = 0; lastKnownFileType = archive.ar; name = libGGLCore.a; path = "MobileLoop/Plugins/phonegap-plugin-push/GCM/Libraries/libGGLCore.a"; sourceTree = "<group>"; };
		7BEDD77CABF346179A6CC4D1 /* libGGLInstanceIDLib.a */ = {isa = PBXFileReference; explicitFileType = undefined; fileEncoding = 9; includeInIndex = 0; lastKnownFileType = archive.ar; name = libGGLInstanceIDLib.a; path = "MobileLoop/Plugins/phonegap-plugin-push/GCM/Libraries/libGGLInstanceIDLib.a"; sourceTree = "<group>"; };
		7C9DE5209E8E4447BC35C42F /* GAIEcommerceFields.h */ = {isa = PBXFileReference; explicitFileType = undefined; fileEncoding = 4; includeInIndex = 0; lastKnownFileType = sourcecode.c.h; name = GAIEcommerceFields.h; path = com.cmackay.plugins.googleanalytics/GAIEcommerceFields.h; sourceTree = "<group>"; };
		7D7BCECD1AFA4AF59B58FDC5 /* libGTM_GTMURLBuilder.a */ = {isa = PBXFileReference; explicitFileType = undefined; fileEncoding = 9; includeInIndex = 0; lastKnownFileType = archive.ar; name = libGTM_GTMURLBuilder.a; path = "MobileLoop/Plugins/phonegap-plugin-push/GCM/Libraries/libGTM_GTMURLBuilder.a"; sourceTree = "<group>"; };
		7DC4F41E8C404341B19F6DC3 /* QuartzCore.framework */ = {isa = PBXFileReference; explicitFileType = undefined; fileEncoding = 9; includeInIndex = 0; lastKnownFileType = wrapper.framework; name = QuartzCore.framework; path = System/Library/Frameworks/QuartzCore.framework; sourceTree = SDKROOT; };
		7DFC8641A5954DDEA98E6755 /* GCMPubSub.h */ = {isa = PBXFileReference; explicitFileType = undefined; fileEncoding = 4; includeInIndex = 0; lastKnownFileType = sourcecode.c.h; name = GCMPubSub.h; path = "phonegap-plugin-push/GCM/Headers/GCMPubSub.h"; sourceTree = "<group>"; };
		80BE3F3241B74CFAA66AEB4D /* libGTM_UIFont+LineHeight.a */ = {isa = PBXFileReference; explicitFileType = undefined; fileEncoding = 9; includeInIndex = 0; lastKnownFileType = archive.ar; name = "libGTM_UIFont+LineHeight.a"; path = "MobileLoop/Plugins/phonegap-plugin-push/GCM/Libraries/libGTM_UIFont+LineHeight.a"; sourceTree = "<group>"; };
		82064C6E1C2945E5A71ABFF2 /* Toast.m */ = {isa = PBXFileReference; explicitFileType = undefined; fileEncoding = 4; includeInIndex = 0; lastKnownFileType = sourcecode.c.objc; name = Toast.m; path = "cordova-plugin-x-toast/Toast.m"; sourceTree = "<group>"; };
		831D55921A8447E5B26522AC /* libz.tbd */ = {isa = PBXFileReference; explicitFileType = undefined; fileEncoding = 9; includeInIndex = 0; lastKnownFileType = unknown; path = libz.tbd; sourceTree = "<group>"; };
		8A90775A3D954659AAC6F709 /* GCMConfig.h */ = {isa = PBXFileReference; explicitFileType = undefined; fileEncoding = 4; includeInIndex = 0; lastKnownFileType = sourcecode.c.h; name = GCMConfig.h; path = "phonegap-plugin-push/GCM/Headers/GCMConfig.h"; sourceTree = "<group>"; };
		8D1107310486CEB800E47090 /* MobileLoop-Info.plist */ = {isa = PBXFileReference; fileEncoding = 4; lastKnownFileType = text.plist.xml; name = "MobileLoop-Info.plist"; path = "MobileLoop/MobileLoop-Info.plist"; plistStructureDefinitionIdentifier = "com.apple.xcode.plist.structure-definition.iphone.info-plist"; sourceTree = SOURCE_ROOT; };
		95A4DB417D4D4E98A4E7A8E5 /* CDVGlobalization.h */ = {isa = PBXFileReference; explicitFileType = undefined; fileEncoding = 4; includeInIndex = 0; lastKnownFileType = sourcecode.c.h; name = CDVGlobalization.h; path = "cordova-plugin-globalization/CDVGlobalization.h"; sourceTree = "<group>"; };
		980340551F4B4911B351B896 /* GAIFields.h */ = {isa = PBXFileReference; explicitFileType = undefined; fileEncoding = 4; includeInIndex = 0; lastKnownFileType = sourcecode.c.h; name = GAIFields.h; path = com.cmackay.plugins.googleanalytics/GAIFields.h; sourceTree = "<group>"; };
		9818277CDE6846D7B057E750 /* libGTM_KVO.a */ = {isa = PBXFileReference; explicitFileType = undefined; fileEncoding = 9; includeInIndex = 0; lastKnownFileType = archive.ar; name = libGTM_KVO.a; path = "MobileLoop/Plugins/phonegap-plugin-push/GCM/Libraries/libGTM_KVO.a"; sourceTree = "<group>"; };
		99B9778C33B6482EBA763F19 /* CDVInAppBrowser.h */ = {isa = PBXFileReference; explicitFileType = undefined; fileEncoding = 4; includeInIndex = 0; lastKnownFileType = sourcecode.c.h; name = CDVInAppBrowser.h; path = "cordova-plugin-inappbrowser/CDVInAppBrowser.h"; sourceTree = "<group>"; };
		9A34E34B3945411BA14DDD2A /* GoogleAnalyticsPlugin.h */ = {isa = PBXFileReference; explicitFileType = undefined; fileEncoding = 4; includeInIndex = 0; lastKnownFileType = sourcecode.c.h; name = GoogleAnalyticsPlugin.h; path = com.cmackay.plugins.googleanalytics/GoogleAnalyticsPlugin.h; sourceTree = "<group>"; };
		9C6AF2A938A344A38F652A76 /* CDVViewController+SplashScreen.h */ = {isa = PBXFileReference; explicitFileType = undefined; fileEncoding = 4; includeInIndex = 0; lastKnownFileType = sourcecode.c.h; name = "CDVViewController+SplashScreen.h"; path = "cordova-plugin-splashscreen/CDVViewController+SplashScreen.h"; sourceTree = "<group>"; };
		9F3A154D76694BDBB8760FD7 /* AudioToolbox.framework */ = {isa = PBXFileReference; explicitFileType = undefined; fileEncoding = 9; includeInIndex = 0; lastKnownFileType = wrapper.framework; name = AudioToolbox.framework; path = System/Library/Frameworks/AudioToolbox.framework; sourceTree = SDKROOT; };
		A4489359F31B4232A70556CE /* GGLErrorCode.h */ = {isa = PBXFileReference; explicitFileType = undefined; fileEncoding = 4; includeInIndex = 0; lastKnownFileType = sourcecode.c.h; name = GGLErrorCode.h; path = "phonegap-plugin-push/GCM/Headers/GGLErrorCode.h"; sourceTree = "<group>"; };
		A690E5F42BEC4365833BD420 /* libsqlite3.dylib */ = {isa = PBXFileReference; explicitFileType = undefined; fileEncoding = 9; includeInIndex = 0; lastKnownFileType = "compiled.mach-o.dylib"; name = libsqlite3.dylib; path = usr/lib/libsqlite3.dylib; sourceTree = SDKROOT; };
		ABAF3D0EE67F434491514769 /* CDVSpinnerDialog.m */ = {isa = PBXFileReference; explicitFileType = undefined; fileEncoding = 4; includeInIndex = 0; lastKnownFileType = sourcecode.c.objc; name = CDVSpinnerDialog.m; path = "cordova-plugin-spinner-dialog/CDVSpinnerDialog.m"; sourceTree = "<group>"; };
		B02451803D284AC1A854D04E /* libGTM_StringEncoding.a */ = {isa = PBXFileReference; explicitFileType = undefined; fileEncoding = 9; includeInIndex = 0; lastKnownFileType = archive.ar; name = libGTM_StringEncoding.a; path = "MobileLoop/Plugins/phonegap-plugin-push/GCM/Libraries/libGTM_StringEncoding.a"; sourceTree = "<group>"; };
		B2E21470302E459FBF6513B4 /* GCMReceiverDelegate.h */ = {isa = PBXFileReference; explicitFileType = undefined; fileEncoding = 4; includeInIndex = 0; lastKnownFileType = sourcecode.c.h; name = GCMReceiverDelegate.h; path = "phonegap-plugin-push/GCM/Headers/GCMReceiverDelegate.h"; sourceTree = "<group>"; };
		B33F87E215C34257891186FB /* CloudMessaging.h */ = {isa = PBXFileReference; explicitFileType = undefined; fileEncoding = 4; includeInIndex = 0; lastKnownFileType = sourcecode.c.h; name = CloudMessaging.h; path = "phonegap-plugin-push/GCM/Headers/CloudMessaging.h"; sourceTree = "<group>"; };
		B6AAF8A8FB2448F8A65E84EE /* AddressBook.framework */ = {isa = PBXFileReference; explicitFileType = undefined; fileEncoding = 9; includeInIndex = 0; lastKnownFileType = wrapper.framework; name = AddressBook.framework; path = System/Library/Frameworks/AddressBook.framework; sourceTree = SDKROOT; };
		B7A5248062554472A76A86B0 /* libGGLCloudMessaging.a */ = {isa = PBXFileReference; explicitFileType = undefined; fileEncoding = 9; includeInIndex = 0; lastKnownFileType = archive.ar; name = libGGLCloudMessaging.a; path = "MobileLoop/Plugins/phonegap-plugin-push/GCM/Libraries/libGGLCloudMessaging.a"; sourceTree = "<group>"; };
		B81EDAF67A264416B440882C /* GoogleCloudMessaging.h */ = {isa = PBXFileReference; explicitFileType = undefined; fileEncoding = 4; includeInIndex = 0; lastKnownFileType = sourcecode.c.h; name = GoogleCloudMessaging.h; path = "phonegap-plugin-push/GCM/Headers/GoogleCloudMessaging.h"; sourceTree = "<group>"; };
		B883E3246C79478CAF0B5699 /* GGLInstanceIDHeaders.h */ = {isa = PBXFileReference; explicitFileType = undefined; fileEncoding = 4; includeInIndex = 0; lastKnownFileType = sourcecode.c.h; name = GGLInstanceIDHeaders.h; path = "phonegap-plugin-push/GCM/Headers/GGLInstanceIDHeaders.h"; sourceTree = "<group>"; };
		C38F420D9377476CB25734CC /* CDVSplashScreen.m */ = {isa = PBXFileReference; explicitFileType = undefined; fileEncoding = 4; includeInIndex = 0; lastKnownFileType = sourcecode.c.objc; name = CDVSplashScreen.m; path = "cordova-plugin-splashscreen/CDVSplashScreen.m"; sourceTree = "<group>"; };
		C58728B1192A47AF9DD76883 /* libProtocolBuffers.a */ = {isa = PBXFileReference; explicitFileType = undefined; fileEncoding = 9; includeInIndex = 0; lastKnownFileType = archive.ar; name = libProtocolBuffers.a; path = "MobileLoop/Plugins/phonegap-plugin-push/GCM/Libraries/libProtocolBuffers.a"; sourceTree = "<group>"; };
		CA2FE7C6D55C4C7BBD37E630 /* libGoogleAnalyticsServices.a */ = {isa = PBXFileReference; explicitFileType = undefined; fileEncoding = 9; includeInIndex = 0; lastKnownFileType = archive.ar; name = libGoogleAnalyticsServices.a; path = MobileLoop/Plugins/com.cmackay.plugins.googleanalytics/libGoogleAnalyticsServices.a; sourceTree = "<group>"; };
		CC10DA58F7384DAB9ABD71E1 /* libGTM_AddressBook.a */ = {isa = PBXFileReference; explicitFileType = undefined; fileEncoding = 9; includeInIndex = 0; lastKnownFileType = archive.ar; name = libGTM_AddressBook.a; path = "MobileLoop/Plugins/phonegap-plugin-push/GCM/Libraries/libGTM_AddressBook.a"; sourceTree = "<group>"; };
		D516D8E680584F128BC0D0B2 /* libGTM_SystemVersion.a */ = {isa = PBXFileReference; explicitFileType = undefined; fileEncoding = 9; includeInIndex = 0; lastKnownFileType = archive.ar; name = libGTM_SystemVersion.a; path = "MobileLoop/Plugins/phonegap-plugin-push/GCM/Libraries/libGTM_SystemVersion.a"; sourceTree = "<group>"; };
		D606F44637EE497CA27D52EC /* GAIDictionaryBuilder.h */ = {isa = PBXFileReference; explicitFileType = undefined; fileEncoding = 4; includeInIndex = 0; lastKnownFileType = sourcecode.c.h; name = GAIDictionaryBuilder.h; path = com.cmackay.plugins.googleanalytics/GAIDictionaryBuilder.h; sourceTree = "<group>"; };
		D96F4F7EE1DB43DABCA78737 /* CDVLogger.m */ = {isa = PBXFileReference; explicitFileType = undefined; fileEncoding = 4; includeInIndex = 0; lastKnownFileType = sourcecode.c.objc; name = CDVLogger.m; path = "cordova-plugin-console/CDVLogger.m"; sourceTree = "<group>"; };
		DAE4735602F444DB842378B6 /* YoikScreenOrientation.m */ = {isa = PBXFileReference; explicitFileType = undefined; fileEncoding = 4; includeInIndex = 0; lastKnownFileType = sourcecode.c.objc; name = YoikScreenOrientation.m; path = "cordova-plugin-screen-orientation/YoikScreenOrientation.m"; sourceTree = "<group>"; };
		DDB26B463C4F4DD2B57BF141 /* GGLInstanceID.h */ = {isa = PBXFileReference; explicitFileType = undefined; fileEncoding = 4; includeInIndex = 0; lastKnownFileType = sourcecode.c.h; name = GGLInstanceID.h; path = "phonegap-plugin-push/GCM/Headers/GGLInstanceID.h"; sourceTree = "<group>"; };
		E2DCB53F947E49639BD4BDBF /* GAIEcommerceProductAction.h */ = {isa = PBXFileReference; explicitFileType = undefined; fileEncoding = 4; includeInIndex = 0; lastKnownFileType = sourcecode.c.h; name = GAIEcommerceProductAction.h; path = com.cmackay.plugins.googleanalytics/GAIEcommerceProductAction.h; sourceTree = "<group>"; };
		E755FF4C92F845DBB3EE258A /* GoogleAnalyticsPlugin.m */ = {isa = PBXFileReference; explicitFileType = undefined; fileEncoding = 4; includeInIndex = 0; lastKnownFileType = sourcecode.c.objc; name = GoogleAnalyticsPlugin.m; path = com.cmackay.plugins.googleanalytics/GoogleAnalyticsPlugin.m; sourceTree = "<group>"; };
		E8901F402C8D4C34AA4B1880 /* AppDelegate+notification.m */ = {isa = PBXFileReference; explicitFileType = undefined; fileEncoding = 4; includeInIndex = 0; lastKnownFileType = sourcecode.c.objc; name = "AppDelegate+notification.m"; path = "phonegap-plugin-push/AppDelegate+notification.m"; sourceTree = "<group>"; };
		EB30EEF4795A41FA9EE0D086 /* libGTMSessionFetcher_full.a */ = {isa = PBXFileReference; explicitFileType = undefined; fileEncoding = 9; includeInIndex = 0; lastKnownFileType = archive.ar; name = libGTMSessionFetcher_full.a; path = "MobileLoop/Plugins/phonegap-plugin-push/GCM/Libraries/libGTMSessionFetcher_full.a"; sourceTree = "<group>"; };
		EB87FDF31871DA8E0020F90C /* www */ = {isa = PBXFileReference; lastKnownFileType = folder; name = www; path = ../../www; sourceTree = "<group>"; };
		EB87FDF41871DAF40020F90C /* config.xml */ = {isa = PBXFileReference; lastKnownFileType = text.xml; name = config.xml; path = ../../config.xml; sourceTree = "<group>"; };
		ECAC82B7693F41ACA0703A94 /* libGTM_core.a */ = {isa = PBXFileReference; explicitFileType = undefined; fileEncoding = 9; includeInIndex = 0; lastKnownFileType = archive.ar; name = libGTM_core.a; path = "MobileLoop/Plugins/phonegap-plugin-push/GCM/Libraries/libGTM_core.a"; sourceTree = "<group>"; };
		ED33DF2A687741AEAF9F8254 /* Bridging-Header.h */ = {isa = PBXFileReference; fileEncoding = 4; lastKnownFileType = sourcecode.c.h; path = "Bridging-Header.h"; sourceTree = "<group>"; };
		EF075DE29E3F47E1AE2DAEE9 /* GGLInstanceIDConfig.h */ = {isa = PBXFileReference; explicitFileType = undefined; fileEncoding = 4; includeInIndex = 0; lastKnownFileType = sourcecode.c.h; name = GGLInstanceIDConfig.h; path = "phonegap-plugin-push/GCM/Headers/GGLInstanceIDConfig.h"; sourceTree = "<group>"; };
		F02E621A428F450F9ADE6E3F /* CDVNotification.m */ = {isa = PBXFileReference; explicitFileType = undefined; fileEncoding = 4; includeInIndex = 0; lastKnownFileType = sourcecode.c.objc; name = CDVNotification.m; path = "cordova-plugin-dialogs/CDVNotification.m"; sourceTree = "<group>"; };
		F048A04553F04DC283FFB567 /* GGLInstanceIDDelegate.h */ = {isa = PBXFileReference; explicitFileType = undefined; fileEncoding = 4; includeInIndex = 0; lastKnownFileType = sourcecode.c.h; name = GGLInstanceIDDelegate.h; path = "phonegap-plugin-push/GCM/Headers/GGLInstanceIDDelegate.h"; sourceTree = "<group>"; };
		F12BE692CF0742D0997FE851 /* GGLContext.h */ = {isa = PBXFileReference; explicitFileType = undefined; fileEncoding = 4; includeInIndex = 0; lastKnownFileType = sourcecode.c.h; name = GGLContext.h; path = "phonegap-plugin-push/GCM/Headers/GGLContext.h"; sourceTree = "<group>"; };
		F4FDE365927144A0B12C60FE /* libGTM_iPhone.a */ = {isa = PBXFileReference; explicitFileType = undefined; fileEncoding = 9; includeInIndex = 0; lastKnownFileType = archive.ar; name = libGTM_iPhone.a; path = "MobileLoop/Plugins/phonegap-plugin-push/GCM/Libraries/libGTM_iPhone.a"; sourceTree = "<group>"; };
		F840E1F0165FE0F500CFE078 /* config.xml */ = {isa = PBXFileReference; lastKnownFileType = text.xml; name = config.xml; path = MobileLoop/config.xml; sourceTree = "<group>"; };
		FAD0E9629F2045C5BA1FE16E /* CDVSpinnerDialog.h */ = {isa = PBXFileReference; explicitFileType = undefined; fileEncoding = 4; includeInIndex = 0; lastKnownFileType = sourcecode.c.h; name = CDVSpinnerDialog.h; path = "cordova-plugin-spinner-dialog/CDVSpinnerDialog.h"; sourceTree = "<group>"; };
		FB2B30529A124BA4A082D8B6 /* libGSDK_Overload.a */ = {isa = PBXFileReference; explicitFileType = undefined; fileEncoding = 9; includeInIndex = 0; lastKnownFileType = archive.ar; name = libGSDK_Overload.a; path = "MobileLoop/Plugins/phonegap-plugin-push/GCM/Libraries/libGSDK_Overload.a"; sourceTree = "<group>"; };
		FD924D99AAED4079A0DB2653 /* YoikScreenOrientation.h */ = {isa = PBXFileReference; explicitFileType = undefined; fileEncoding = 4; includeInIndex = 0; lastKnownFileType = sourcecode.c.h; name = YoikScreenOrientation.h; path = "cordova-plugin-screen-orientation/YoikScreenOrientation.h"; sourceTree = "<group>"; };
/* End PBXFileReference section */

/* Begin PBXFrameworksBuildPhase section */
		1D60588F0D05DD3D006BFB54 /* Frameworks */ = {
			isa = PBXFrameworksBuildPhase;
			buildActionMask = 2147483647;
			files = (
				301BF552109A68D80062928A /* libCordova.a in Frameworks */,
				22A8F59EF0BC44E8BE1A5118 /* AudioToolbox.framework in Frameworks */,
				D203F417109C49CF8FF0AAF9 /* libGoogleAnalyticsServices.a in Frameworks */,
				370BC2F0489D4BD5A52925D5 /* SystemConfiguration.framework in Frameworks */,
				7108AAB09452480EA6F2A6AD /* CoreData.framework in Frameworks */,
				D3F6DDCA704244E6804F32FE /* libsqlite3.dylib in Frameworks */,
				091C1399F43545D98048E24E /* libz.dylib in Frameworks */,
				666B92E783FE4773AB54FEBA /* QuartzCore.framework in Frameworks */,
				38BCB8632A274546B8D8C813 /* libGGLCloudMessaging.a in Frameworks */,
				5D6A0FC1E1C54DF18CCAF963 /* libGGLCore.a in Frameworks */,
				DCCEBC6D46254265B8E3D343 /* libGGLInstanceIDLib.a in Frameworks */,
				3F6E87A275A74816B2B4D62D /* libGIP_Reachability.a in Frameworks */,
				3320BD9A5CC74BCD956291CF /* libGSDK_Overload.a in Frameworks */,
				B57A4121F7F641219BAECC43 /* libGTMSessionFetcher_core.a in Frameworks */,
				C1BF88905CCC4E368055129B /* libGTMSessionFetcher_full.a in Frameworks */,
				1433272B21554774B122F40A /* libGTMStackTrace.a in Frameworks */,
				39AD67DB91454A78844A4D6C /* libGTM_AddressBook.a in Frameworks */,
				DC7808360E514DA5AC7CBA84 /* libGTM_DebugUtils.a in Frameworks */,
				F338998468A049A3A3C4AE79 /* libGTM_GTMURLBuilder.a in Frameworks */,
				2E89920C12474AF6A7F07FF6 /* libGTM_KVO.a in Frameworks */,
				9BA7FA2C0CF246BF84A5D570 /* libGTM_NSData+zlib.a in Frameworks */,
				D6113F0005BE417F88557A2F /* libGTM_NSDictionary+URLArguments.a in Frameworks */,
				6040410D9A7F4EDDA5BB02B1 /* libGTM_NSScannerJSON.a in Frameworks */,
				FD54431E786C4F128402114B /* libGTM_NSStringHTML.a in Frameworks */,
				4AD33A4D6D014771B9E16198 /* libGTM_NSStringXML.a in Frameworks */,
				7549FD2EA90E4E57A7D21332 /* libGTM_Regex.a in Frameworks */,
				248B3771D2A24559832BAB3C /* libGTM_RoundedRectPath.a in Frameworks */,
				5E8FEB24943F4E3CB903D9BA /* libGTM_StringEncoding.a in Frameworks */,
				E3ED7D81A19B469BBB994B5F /* libGTM_SystemVersion.a in Frameworks */,
				C731ADAC1AC240DB9A68B820 /* libGTM_UIFont+LineHeight.a in Frameworks */,
				20FD8187F64D45AB8D6FAB40 /* libGTM_core.a in Frameworks */,
				71869893B5BE442F95341EE4 /* libGTM_iPhone.a in Frameworks */,
				77E574E0A5414F9B95AC168B /* libGcmLib.a in Frameworks */,
				08AAC77065D644F7B0443683 /* libProtocolBuffers.a in Frameworks */,
				7D103F7D96DC444C810DCEF5 /* AddressBook.framework in Frameworks */,
				479C5B9F36CB4E6BB8173F00 /* libsqlite3.tbd in Frameworks */,
				ED05AFEBAF574373B14174C2 /* libz.tbd in Frameworks */,
			);
			runOnlyForDeploymentPostprocessing = 0;
		};
/* End PBXFrameworksBuildPhase section */

/* Begin PBXGroup section */
		080E96DDFE201D6D7F000001 /* Classes */ = {
			isa = PBXGroup;
			children = (
				302D95EE14D2391D003F00A1 /* MainViewController.h */,
				302D95EF14D2391D003F00A1 /* MainViewController.m */,
				302D95F014D2391D003F00A1 /* MainViewController.xib */,
				1D3623240D0F684500981E51 /* AppDelegate.h */,
				1D3623250D0F684500981E51 /* AppDelegate.m */,
			);
			name = Classes;
			path = MobileLoop/Classes;
			sourceTree = SOURCE_ROOT;
		};
		19C28FACFE9D520D11CA2CBB /* Products */ = {
			isa = PBXGroup;
			children = (
				1D6058910D05DD3D006BFB54 /* MobileLoop.app */,
			);
			name = Products;
			sourceTree = "<group>";
		};
		29B97314FDCFA39411CA2CEA /* CustomTemplate */ = {
			isa = PBXGroup;
			children = (
				EB87FDF41871DAF40020F90C /* config.xml */,
				EB87FDF31871DA8E0020F90C /* www */,
				EB87FDF11871DA420020F90C /* Staging */,
				301BF52D109A57CC0062928A /* CordovaLib.xcodeproj */,
				080E96DDFE201D6D7F000001 /* Classes */,
				307C750510C5A3420062BCA9 /* Plugins */,
				29B97315FDCFA39411CA2CEA /* Other Sources */,
				29B97317FDCFA39411CA2CEA /* Resources */,
				29B97323FDCFA39411CA2CEA /* Frameworks */,
				19C28FACFE9D520D11CA2CBB /* Products */,
			);
			name = CustomTemplate;
			sourceTree = "<group>";
		};
		29B97315FDCFA39411CA2CEA /* Other Sources */ = {
			isa = PBXGroup;
			children = (
				32CA4F630368D1EE00C91783 /* MobileLoop-Prefix.pch */,
				29B97316FDCFA39411CA2CEA /* main.m */,
				ED33DF2A687741AEAF9F8254 /* Bridging-Header.h */,
			);
			name = "Other Sources";
			path = MobileLoop;
			sourceTree = "<group>";
		};
		29B97317FDCFA39411CA2CEA /* Resources */ = {
			isa = PBXGroup;
			children = (
				0207DA571B56EA530066E2B4 /* Images.xcassets */,
				3047A50E1AB8057F00498E2A /* config */,
				8D1107310486CEB800E47090 /* MobileLoop-Info.plist */,
				48EB1DD86D5D4C5CA2849BFF /* CDVNotification.bundle */,
			);
			name = Resources;
			path = MobileLoop/Resources;
			sourceTree = "<group>";
		};
		29B97323FDCFA39411CA2CEA /* Frameworks */ = {
			isa = PBXGroup;
			children = (
				9F3A154D76694BDBB8760FD7 /* AudioToolbox.framework */,
				CA2FE7C6D55C4C7BBD37E630 /* libGoogleAnalyticsServices.a */,
				1926B7F25AC54433B15B7BD7 /* SystemConfiguration.framework */,
				256568FADE164D03AB3F4C18 /* CoreData.framework */,
				A690E5F42BEC4365833BD420 /* libsqlite3.dylib */,
				59A00B4BFBE646B39E1A7A2C /* libz.dylib */,
				7DC4F41E8C404341B19F6DC3 /* QuartzCore.framework */,
				B7A5248062554472A76A86B0 /* libGGLCloudMessaging.a */,
				79B6E70C38C040DC894C3868 /* libGGLCore.a */,
				7BEDD77CABF346179A6CC4D1 /* libGGLInstanceIDLib.a */,
				467669FBB1764B8FB94EF16A /* libGIP_Reachability.a */,
				FB2B30529A124BA4A082D8B6 /* libGSDK_Overload.a */,
				711FC17F0FF24756AE7E06DE /* libGTMSessionFetcher_core.a */,
				EB30EEF4795A41FA9EE0D086 /* libGTMSessionFetcher_full.a */,
				5DBB341DA7014CD4963361D5 /* libGTMStackTrace.a */,
				CC10DA58F7384DAB9ABD71E1 /* libGTM_AddressBook.a */,
				6A0C5E6E8E3846E3BC0D88B2 /* libGTM_DebugUtils.a */,
				7D7BCECD1AFA4AF59B58FDC5 /* libGTM_GTMURLBuilder.a */,
				9818277CDE6846D7B057E750 /* libGTM_KVO.a */,
				618827A202714E6F92070930 /* libGTM_NSData+zlib.a */,
				111E34DB02CF431389438ADF /* libGTM_NSDictionary+URLArguments.a */,
				30F65DA88F764C2A8034CF68 /* libGTM_NSScannerJSON.a */,
				621E990371534BE0A06C3C5B /* libGTM_NSStringHTML.a */,
				63A32634A1E94EC9AC9B7E73 /* libGTM_NSStringXML.a */,
				1F2BE688EA4A41FEBEE1964A /* libGTM_Regex.a */,
				32055BC6660D49EA9A9CA4CA /* libGTM_RoundedRectPath.a */,
				B02451803D284AC1A854D04E /* libGTM_StringEncoding.a */,
				D516D8E680584F128BC0D0B2 /* libGTM_SystemVersion.a */,
				80BE3F3241B74CFAA66AEB4D /* libGTM_UIFont+LineHeight.a */,
				ECAC82B7693F41ACA0703A94 /* libGTM_core.a */,
				F4FDE365927144A0B12C60FE /* libGTM_iPhone.a */,
				0018C26509834296AB0A012F /* libGcmLib.a */,
				C58728B1192A47AF9DD76883 /* libProtocolBuffers.a */,
				B6AAF8A8FB2448F8A65E84EE /* AddressBook.framework */,
				502851D7A43B4599BB491F47 /* libsqlite3.tbd */,
				831D55921A8447E5B26522AC /* libz.tbd */,
			);
			name = Frameworks;
			sourceTree = "<group>";
		};
		301BF52E109A57CC0062928A /* Products */ = {
			isa = PBXGroup;
			children = (
				301BF535109A57CC0062928A /* libCordova.a */,
			);
			name = Products;
			sourceTree = "<group>";
		};
		3047A50E1AB8057F00498E2A /* config */ = {
			isa = PBXGroup;
			children = (
				3047A50F1AB8059700498E2A /* build-debug.xcconfig */,
				3047A5101AB8059700498E2A /* build-release.xcconfig */,
				3047A5111AB8059700498E2A /* build.xcconfig */,
			);
			name = config;
			sourceTree = "<group>";
		};
		307C750510C5A3420062BCA9 /* Plugins */ = {
			isa = PBXGroup;
			children = (
				D96F4F7EE1DB43DABCA78737 /* CDVLogger.m */,
				22A2F1D20E8C41369EA91AA6 /* CDVLogger.h */,
				4269A63B3F574D4EB58BD651 /* CDVDevice.m */,
				795B7F71B2314B4B98D4B571 /* CDVDevice.h */,
				F02E621A428F450F9ADE6E3F /* CDVNotification.m */,
				2AD264789035422B94C5ABEE /* CDVNotification.h */,
				1C53BFD4A5534A36A1FF4DCB /* CDVGlobalization.m */,
				95A4DB417D4D4E98A4E7A8E5 /* CDVGlobalization.h */,
				28722342C9B84B73BE9AA83F /* CDVInAppBrowser.m */,
				99B9778C33B6482EBA763F19 /* CDVInAppBrowser.h */,
				DAE4735602F444DB842378B6 /* YoikScreenOrientation.m */,
				FD924D99AAED4079A0DB2653 /* YoikScreenOrientation.h */,
				C38F420D9377476CB25734CC /* CDVSplashScreen.m */,
				52C26909168C4104AA61C8D1 /* CDVViewController+SplashScreen.m */,
				3DDCC73A9937452A8EAD3E3A /* CDVSplashScreen.h */,
				9C6AF2A938A344A38F652A76 /* CDVViewController+SplashScreen.h */,
				228F31EE36664182879A67AE /* CDVStatusBar.m */,
				003D53058A154808AF93D208 /* CDVStatusBar.h */,
				11688549F5914C258FD458CC /* CDVVibration.m */,
				581E13AE6C394AE99BD6D402 /* CDVVibration.h */,
				E755FF4C92F845DBB3EE258A /* GoogleAnalyticsPlugin.m */,
				3EBE692F8BB14DE9A1F7B14C /* GAI.h */,
				D606F44637EE497CA27D52EC /* GAIDictionaryBuilder.h */,
				7C9DE5209E8E4447BC35C42F /* GAIEcommerceFields.h */,
				7896E2EAF1104C4887161BA3 /* GAIEcommerceProduct.h */,
				E2DCB53F947E49639BD4BDBF /* GAIEcommerceProductAction.h */,
				551AF3A7A1E744C18E75CF89 /* GAIEcommercePromotion.h */,
				980340551F4B4911B351B896 /* GAIFields.h */,
				4B828F1037154CB293DF5A7A /* GAILogger.h */,
				4DEEFD3C685442FBA87B6264 /* GAITrackedViewController.h */,
				535173C7AD53449EB7F05E27 /* GAITracker.h */,
				9A34E34B3945411BA14DDD2A /* GoogleAnalyticsPlugin.h */,
				52E0DD95C85D4E928994A808 /* Toast+UIView.m */,
				82064C6E1C2945E5A71ABFF2 /* Toast.m */,
				328BEE46E6F4404F93225928 /* Toast+UIView.h */,
				493258DBD9C347A3965B7FE7 /* Toast.h */,
				ABAF3D0EE67F434491514769 /* CDVSpinnerDialog.m */,
				FAD0E9629F2045C5BA1FE16E /* CDVSpinnerDialog.h */,
				2C98BDFBB1EE42619B4C52C7 /* IonicKeyboard.m */,
				69A1A2190BA24CA9BE827A37 /* IonicKeyboard.h */,
				E8901F402C8D4C34AA4B1880 /* AppDelegate+notification.m */,
				4161F7F240F94B71B4963019 /* PushPlugin.m */,
				17F004AEF2C74D68B89B4226 /* AppDelegate+notification.h */,
				3FDBA7A876EA4B20A64F0C2C /* PushPlugin.h */,
				DDB26B463C4F4DD2B57BF141 /* GGLInstanceID.h */,
				EF075DE29E3F47E1AE2DAEE9 /* GGLInstanceIDConfig.h */,
				F048A04553F04DC283FFB567 /* GGLInstanceIDDelegate.h */,
				B883E3246C79478CAF0B5699 /* GGLInstanceIDHeaders.h */,
				B33F87E215C34257891186FB /* CloudMessaging.h */,
				0B463650F57E436E931334C4 /* GGLContext+CloudMessaging.h */,
				5597428ECF8841B0A4CFD542 /* Core.h */,
				15B7AD904AEF418B9889A930 /* GGLConfiguration.h */,
				F12BE692CF0742D0997FE851 /* GGLContext.h */,
				A4489359F31B4232A70556CE /* GGLErrorCode.h */,
				8A90775A3D954659AAC6F709 /* GCMConfig.h */,
				7DFC8641A5954DDEA98E6755 /* GCMPubSub.h */,
				B2E21470302E459FBF6513B4 /* GCMReceiverDelegate.h */,
				53D55A87F7EE4B379803EBB0 /* GCMService.h */,
				B81EDAF67A264416B440882C /* GoogleCloudMessaging.h */,
			);
			name = Plugins;
			path = MobileLoop/Plugins;
			sourceTree = SOURCE_ROOT;
		};
		EB87FDF11871DA420020F90C /* Staging */ = {
			isa = PBXGroup;
			children = (
				F840E1F0165FE0F500CFE078 /* config.xml */,
				301BF56E109A69640062928A /* www */,
			);
			name = Staging;
			sourceTree = "<group>";
		};
/* End PBXGroup section */

/* Begin PBXNativeTarget section */
		1D6058900D05DD3D006BFB54 /* MobileLoop */ = {
			isa = PBXNativeTarget;
			buildConfigurationList = 1D6058960D05DD3E006BFB54 /* Build configuration list for PBXNativeTarget "MobileLoop" */;
			buildPhases = (
				304B58A110DAC018002A0835 /* Copy www directory */,
				1D60588D0D05DD3D006BFB54 /* Resources */,
				1D60588E0D05DD3D006BFB54 /* Sources */,
				1D60588F0D05DD3D006BFB54 /* Frameworks */,
			);
			buildRules = (
			);
			dependencies = (
				301BF551109A68C00062928A /* PBXTargetDependency */,
			);
			name = MobileLoop;
			productName = MobileLoop;
			productReference = 1D6058910D05DD3D006BFB54 /* MobileLoop.app */;
			productType = "com.apple.product-type.application";
		};
/* End PBXNativeTarget section */

/* Begin PBXProject section */
		29B97313FDCFA39411CA2CEA /* Project object */ = {
			isa = PBXProject;
			attributes = {
				LastUpgradeCheck = 0730;
			};
			buildConfigurationList = C01FCF4E08A954540054247B /* Build configuration list for PBXProject "MobileLoop" */;
			compatibilityVersion = "Xcode 3.2";
			developmentRegion = English;
			hasScannedForEncodings = 1;
			knownRegions = (
				en,
			);
			mainGroup = 29B97314FDCFA39411CA2CEA /* CustomTemplate */;
			projectDirPath = "";
			projectReferences = (
				{
					ProductGroup = 301BF52E109A57CC0062928A /* Products */;
					ProjectRef = 301BF52D109A57CC0062928A /* CordovaLib.xcodeproj */;
				},
			);
			projectRoot = "";
			targets = (
				1D6058900D05DD3D006BFB54 /* MobileLoop */,
			);
		};
/* End PBXProject section */

/* Begin PBXReferenceProxy section */
		301BF535109A57CC0062928A /* libCordova.a */ = {
			isa = PBXReferenceProxy;
			fileType = archive.ar;
			path = libCordova.a;
			remoteRef = 301BF534109A57CC0062928A /* PBXContainerItemProxy */;
			sourceTree = BUILT_PRODUCTS_DIR;
		};
/* End PBXReferenceProxy section */

/* Begin PBXResourcesBuildPhase section */
		1D60588D0D05DD3D006BFB54 /* Resources */ = {
			isa = PBXResourcesBuildPhase;
			buildActionMask = 2147483647;
			files = (
				302D95F214D2391D003F00A1 /* MainViewController.xib in Resources */,
				0207DA581B56EA530066E2B4 /* Images.xcassets in Resources */,
				63BC7B91E3854EB9B0CACC04 /* CDVNotification.bundle in Resources */,
			);
			runOnlyForDeploymentPostprocessing = 0;
		};
/* End PBXResourcesBuildPhase section */

/* Begin PBXShellScriptBuildPhase section */
		304B58A110DAC018002A0835 /* Copy www directory */ = {
			isa = PBXShellScriptBuildPhase;
			buildActionMask = 2147483647;
			files = (
			);
			inputPaths = (
			);
			name = "Copy www directory";
			outputPaths = (
			);
			runOnlyForDeploymentPostprocessing = 0;
			shellPath = /bin/sh;
			shellScript = "NODEJS_PATH=/usr/local/bin; NVM_NODE_PATH=~/.nvm/versions/node/`nvm version 2>/dev/null`/bin; N_NODE_PATH=`find /usr/local/n/versions/node/* -maxdepth 0 -type d 2>/dev/null | tail -1`/bin; XCODE_NODE_PATH=`xcode-select --print-path`/usr/share/xcs/Node/bin; PATH=$NODEJS_PATH:$NVM_NODE_PATH:$N_NODE_PATH:$XCODE_NODE_PATH:$PATH && node cordova/lib/copy-www-build-step.js";
			showEnvVarsInLog = 0;
		};
/* End PBXShellScriptBuildPhase section */

/* Begin PBXSourcesBuildPhase section */
		1D60588E0D05DD3D006BFB54 /* Sources */ = {
			isa = PBXSourcesBuildPhase;
			buildActionMask = 2147483647;
			files = (
				1D60589B0D05DD56006BFB54 /* main.m in Sources */,
				1D3623260D0F684500981E51 /* AppDelegate.m in Sources */,
				302D95F114D2391D003F00A1 /* MainViewController.m in Sources */,
				24BDFEAC2EA440EE8C069731 /* CDVLogger.m in Sources */,
				83AB03259045484788B585D4 /* CDVDevice.m in Sources */,
				DBD98E825CE748839C448D83 /* CDVNotification.m in Sources */,
				27AD239D360E44F2826B8DB3 /* CDVGlobalization.m in Sources */,
				C406283726F74494B54EEBF0 /* CDVInAppBrowser.m in Sources */,
				DDD78D3744D5477BA9C247A5 /* YoikScreenOrientation.m in Sources */,
				E32C538B19BF43DDB35EB496 /* CDVSplashScreen.m in Sources */,
				DEE5550A32214352B285759C /* CDVViewController+SplashScreen.m in Sources */,
				07D6FB70D3A74C3B97C15CC2 /* CDVStatusBar.m in Sources */,
				5B7098F6C55B4AFABBB0C50B /* CDVVibration.m in Sources */,
				FBE2853418054ED085DF8138 /* GoogleAnalyticsPlugin.m in Sources */,
				8A7D36EAF18A46D0BF624EC6 /* Toast+UIView.m in Sources */,
				73D6D04229174098881018B7 /* Toast.m in Sources */,
				62AEDC1ED6464DCAAF9A0394 /* CDVSpinnerDialog.m in Sources */,
				340B7FBA8ADB4E0B991427EE /* IonicKeyboard.m in Sources */,
				CD7FE6907A9D432199FD3936 /* AppDelegate+notification.m in Sources */,
				CC94691B109945419250E0E0 /* PushPlugin.m in Sources */,
			);
			runOnlyForDeploymentPostprocessing = 0;
		};
/* End PBXSourcesBuildPhase section */

/* Begin PBXTargetDependency section */
		301BF551109A68C00062928A /* PBXTargetDependency */ = {
			isa = PBXTargetDependency;
			name = CordovaLib;
			targetProxy = 301BF550109A68C00062928A /* PBXContainerItemProxy */;
		};
/* End PBXTargetDependency section */

/* Begin XCBuildConfiguration section */
		1D6058940D05DD3E006BFB54 /* Debug */ = {
			isa = XCBuildConfiguration;
			baseConfigurationReference = 3047A50F1AB8059700498E2A /* build-debug.xcconfig */;
			buildSettings = {
				ALWAYS_SEARCH_USER_PATHS = NO;
				ASSETCATALOG_COMPILER_APPICON_NAME = AppIcon;
				ASSETCATALOG_COMPILER_LAUNCHIMAGE_NAME = LaunchImage;
				CLANG_ENABLE_MODULES = YES;
				CLANG_ENABLE_OBJC_ARC = YES;
				COPY_PHASE_STRIP = NO;
				CURRENT_PROJECT_VERSION = 20000;
				GCC_DYNAMIC_NO_PIC = NO;
				GCC_OPTIMIZATION_LEVEL = 0;
				GCC_PRECOMPILE_PREFIX_HEADER = YES;
				GCC_PREFIX_HEADER = "MobileLoop/MobileLoop-Prefix.pch";
				GCC_THUMB_SUPPORT = NO;
				GCC_VERSION = "";
				INFOPLIST_FILE = "MobileLoop/MobileLoop-Info.plist";
				LD_RUNPATH_SEARCH_PATHS = "@executable_path/Frameworks";
				LIBRARY_SEARCH_PATHS = (
					"$(inherited)",
					"\"$(SRCROOT)/MobileLoop/Plugins/com.cmackay.plugins.googleanalytics\"",
					"\"$(SRCROOT)/MobileLoop/Plugins/phonegap-plugin-push/GCM/Libraries\"",
					"\"$(SRCROOT)/MobileLoop/Plugins/phonegap-plugin-push/GCM/Libraries\"",
					"\"$(SRCROOT)/MobileLoop/Plugins/phonegap-plugin-push/GCM/Libraries\"",
					"\"$(SRCROOT)/MobileLoop/Plugins/phonegap-plugin-push/GCM/Libraries\"",
					"\"$(SRCROOT)/MobileLoop/Plugins/phonegap-plugin-push/GCM/Libraries\"",
					"\"$(SRCROOT)/MobileLoop/Plugins/phonegap-plugin-push/GCM/Libraries\"",
					"\"$(SRCROOT)/MobileLoop/Plugins/phonegap-plugin-push/GCM/Libraries\"",
					"\"$(SRCROOT)/MobileLoop/Plugins/phonegap-plugin-push/GCM/Libraries\"",
					"\"$(SRCROOT)/MobileLoop/Plugins/phonegap-plugin-push/GCM/Libraries\"",
					"\"$(SRCROOT)/MobileLoop/Plugins/phonegap-plugin-push/GCM/Libraries\"",
					"\"$(SRCROOT)/MobileLoop/Plugins/phonegap-plugin-push/GCM/Libraries\"",
					"\"$(SRCROOT)/MobileLoop/Plugins/phonegap-plugin-push/GCM/Libraries\"",
					"\"$(SRCROOT)/MobileLoop/Plugins/phonegap-plugin-push/GCM/Libraries\"",
					"\"$(SRCROOT)/MobileLoop/Plugins/phonegap-plugin-push/GCM/Libraries\"",
					"\"$(SRCROOT)/MobileLoop/Plugins/phonegap-plugin-push/GCM/Libraries\"",
					"\"$(SRCROOT)/MobileLoop/Plugins/phonegap-plugin-push/GCM/Libraries\"",
					"\"$(SRCROOT)/MobileLoop/Plugins/phonegap-plugin-push/GCM/Libraries\"",
					"\"$(SRCROOT)/MobileLoop/Plugins/phonegap-plugin-push/GCM/Libraries\"",
					"\"$(SRCROOT)/MobileLoop/Plugins/phonegap-plugin-push/GCM/Libraries\"",
					"\"$(SRCROOT)/MobileLoop/Plugins/phonegap-plugin-push/GCM/Libraries\"",
					"\"$(SRCROOT)/MobileLoop/Plugins/phonegap-plugin-push/GCM/Libraries\"",
					"\"$(SRCROOT)/MobileLoop/Plugins/phonegap-plugin-push/GCM/Libraries\"",
					"\"$(SRCROOT)/MobileLoop/Plugins/phonegap-plugin-push/GCM/Libraries\"",
					"\"$(SRCROOT)/MobileLoop/Plugins/phonegap-plugin-push/GCM/Libraries\"",
					"\"$(SRCROOT)/MobileLoop/Plugins/phonegap-plugin-push/GCM/Libraries\"",
					"\"$(SRCROOT)/MobileLoop/Plugins/phonegap-plugin-push/GCM/Libraries\"",
				);
				PRODUCT_BUNDLE_IDENTIFIER = com.schoolloop.mobileloop.app;
				PRODUCT_NAME = MobileLoop;
				PROVISIONING_PROFILE = "";
				VERSIONING_SYSTEM = "apple-generic";
			};
			name = Debug;
		};
		1D6058950D05DD3E006BFB54 /* Release */ = {
			isa = XCBuildConfiguration;
			baseConfigurationReference = 3047A5101AB8059700498E2A /* build-release.xcconfig */;
			buildSettings = {
				ALWAYS_SEARCH_USER_PATHS = NO;
				ASSETCATALOG_COMPILER_APPICON_NAME = AppIcon;
				ASSETCATALOG_COMPILER_LAUNCHIMAGE_NAME = LaunchImage;
				CLANG_ENABLE_MODULES = YES;
				CLANG_ENABLE_OBJC_ARC = YES;
				COPY_PHASE_STRIP = YES;
				CURRENT_PROJECT_VERSION = 20000;
				GCC_PRECOMPILE_PREFIX_HEADER = YES;
				GCC_PREFIX_HEADER = "MobileLoop/MobileLoop-Prefix.pch";
				GCC_THUMB_SUPPORT = NO;
				GCC_VERSION = "";
				INFOPLIST_FILE = "MobileLoop/MobileLoop-Info.plist";
				LIBRARY_SEARCH_PATHS = (
					"$(inherited)",
					"\"$(SRCROOT)/MobileLoop/Plugins/com.cmackay.plugins.googleanalytics\"",
					"\"$(SRCROOT)/MobileLoop/Plugins/phonegap-plugin-push/GCM/Libraries\"",
					"\"$(SRCROOT)/MobileLoop/Plugins/phonegap-plugin-push/GCM/Libraries\"",
					"\"$(SRCROOT)/MobileLoop/Plugins/phonegap-plugin-push/GCM/Libraries\"",
					"\"$(SRCROOT)/MobileLoop/Plugins/phonegap-plugin-push/GCM/Libraries\"",
					"\"$(SRCROOT)/MobileLoop/Plugins/phonegap-plugin-push/GCM/Libraries\"",
					"\"$(SRCROOT)/MobileLoop/Plugins/phonegap-plugin-push/GCM/Libraries\"",
					"\"$(SRCROOT)/MobileLoop/Plugins/phonegap-plugin-push/GCM/Libraries\"",
					"\"$(SRCROOT)/MobileLoop/Plugins/phonegap-plugin-push/GCM/Libraries\"",
					"\"$(SRCROOT)/MobileLoop/Plugins/phonegap-plugin-push/GCM/Libraries\"",
					"\"$(SRCROOT)/MobileLoop/Plugins/phonegap-plugin-push/GCM/Libraries\"",
					"\"$(SRCROOT)/MobileLoop/Plugins/phonegap-plugin-push/GCM/Libraries\"",
					"\"$(SRCROOT)/MobileLoop/Plugins/phonegap-plugin-push/GCM/Libraries\"",
					"\"$(SRCROOT)/MobileLoop/Plugins/phonegap-plugin-push/GCM/Libraries\"",
					"\"$(SRCROOT)/MobileLoop/Plugins/phonegap-plugin-push/GCM/Libraries\"",
					"\"$(SRCROOT)/MobileLoop/Plugins/phonegap-plugin-push/GCM/Libraries\"",
					"\"$(SRCROOT)/MobileLoop/Plugins/phonegap-plugin-push/GCM/Libraries\"",
					"\"$(SRCROOT)/MobileLoop/Plugins/phonegap-plugin-push/GCM/Libraries\"",
					"\"$(SRCROOT)/MobileLoop/Plugins/phonegap-plugin-push/GCM/Libraries\"",
					"\"$(SRCROOT)/MobileLoop/Plugins/phonegap-plugin-push/GCM/Libraries\"",
					"\"$(SRCROOT)/MobileLoop/Plugins/phonegap-plugin-push/GCM/Libraries\"",
					"\"$(SRCROOT)/MobileLoop/Plugins/phonegap-plugin-push/GCM/Libraries\"",
					"\"$(SRCROOT)/MobileLoop/Plugins/phonegap-plugin-push/GCM/Libraries\"",
					"\"$(SRCROOT)/MobileLoop/Plugins/phonegap-plugin-push/GCM/Libraries\"",
					"\"$(SRCROOT)/MobileLoop/Plugins/phonegap-plugin-push/GCM/Libraries\"",
					"\"$(SRCROOT)/MobileLoop/Plugins/phonegap-plugin-push/GCM/Libraries\"",
					"\"$(SRCROOT)/MobileLoop/Plugins/phonegap-plugin-push/GCM/Libraries\"",
				);
				PRODUCT_BUNDLE_IDENTIFIER = com.schoolloop.mobileloop.app;
				PRODUCT_NAME = MobileLoop;
				PROVISIONING_PROFILE = "";
				VERSIONING_SYSTEM = "apple-generic";
			};
			name = Release;
		};
		C01FCF4F08A954540054247B /* Debug */ = {
			isa = XCBuildConfiguration;
			baseConfigurationReference = 3047A5111AB8059700498E2A /* build.xcconfig */;
			buildSettings = {
				CLANG_ENABLE_MODULES = YES;
				CLANG_ENABLE_OBJC_ARC = YES;
				CLANG_WARN_BOOL_CONVERSION = YES;
				CLANG_WARN_CONSTANT_CONVERSION = YES;
				CLANG_WARN_EMPTY_BODY = YES;
				CLANG_WARN_ENUM_CONVERSION = YES;
				CLANG_WARN_INT_CONVERSION = YES;
				CLANG_WARN__DUPLICATE_METHOD_MATCH = YES;
				ENABLE_TESTABILITY = YES;
				GCC_C_LANGUAGE_STANDARD = c99;
				GCC_THUMB_SUPPORT = NO;
				GCC_VERSION = "";
				GCC_WARN_ABOUT_RETURN_TYPE = YES;
				GCC_WARN_UNDECLARED_SELECTOR = YES;
				GCC_WARN_UNINITIALIZED_AUTOS = YES;
				GCC_WARN_UNUSED_FUNCTION = YES;
				GCC_WARN_UNUSED_VARIABLE = YES;
				ONLY_ACTIVE_ARCH = YES;
				PROVISIONING_PROFILE = "";
				SDKROOT = iphoneos;
				SKIP_INSTALL = NO;
			};
			name = Debug;
		};
		C01FCF5008A954540054247B /* Release */ = {
			isa = XCBuildConfiguration;
			baseConfigurationReference = 3047A5111AB8059700498E2A /* build.xcconfig */;
			buildSettings = {
				CLANG_ENABLE_MODULES = YES;
				CLANG_ENABLE_OBJC_ARC = YES;
				CLANG_WARN_BOOL_CONVERSION = YES;
				CLANG_WARN_CONSTANT_CONVERSION = YES;
				CLANG_WARN_EMPTY_BODY = YES;
				CLANG_WARN_ENUM_CONVERSION = YES;
				CLANG_WARN_INT_CONVERSION = YES;
				CLANG_WARN__DUPLICATE_METHOD_MATCH = YES;
				CODE_SIGN_IDENTITY = "iPhone Distribution";
				GCC_C_LANGUAGE_STANDARD = c99;
				GCC_THUMB_SUPPORT = NO;
				GCC_VERSION = "";
				GCC_WARN_ABOUT_RETURN_TYPE = YES;
				GCC_WARN_UNDECLARED_SELECTOR = YES;
				GCC_WARN_UNINITIALIZED_AUTOS = YES;
				GCC_WARN_UNUSED_FUNCTION = YES;
				GCC_WARN_UNUSED_VARIABLE = YES;
				PROVISIONING_PROFILE = "";
				SDKROOT = iphoneos;
				SKIP_INSTALL = NO;
			};
			name = Release;
		};
/* End XCBuildConfiguration section */

/* Begin XCConfigurationList section */
		1D6058960D05DD3E006BFB54 /* Build configuration list for PBXNativeTarget "MobileLoop" */ = {
			isa = XCConfigurationList;
			buildConfigurations = (
				1D6058940D05DD3E006BFB54 /* Debug */,
				1D6058950D05DD3E006BFB54 /* Release */,
			);
			defaultConfigurationIsVisible = 0;
			defaultConfigurationName = Release;
		};
		C01FCF4E08A954540054247B /* Build configuration list for PBXProject "MobileLoop" */ = {
			isa = XCConfigurationList;
			buildConfigurations = (
				C01FCF4F08A954540054247B /* Debug */,
				C01FCF5008A954540054247B /* Release */,
			);
			defaultConfigurationIsVisible = 0;
			defaultConfigurationName = Release;
		};
/* End XCConfigurationList section */
	};
	rootObject = 29B97313FDCFA39411CA2CEA /* Project object */;
}
